
Microsoft Visual Studio Solution File, Format Version 12.00
# Visual Studio Version 17
VisualStudioVersion = 17.5.002.0
MinimumVisualStudioVersion = 10.0.40219.1
Project("{9A19103F-16F7-4668-BE54-9A1E7A4F7556}") = "problem_assignment_2", "problem_assignment_2.csproj", "{AB47D9F3-EA3B-468E-84B7-62A2AD3ABF37}"
EndProject
Global
	GlobalSection(SolutionConfigurationPlatforms) = preSolution
		Debug|Any CPU = Debug|Any CPU
		Release|Any CPU = Release|Any CPU
	EndGlobalSection
	GlobalSection(ProjectConfigurationPlatforms) = postSolution
		{AB47D9F3-EA3B-468E-84B7-62A2AD3ABF37}.Debug|Any CPU.ActiveCfg = Debug|Any CPU
		{AB47D9F3-EA3B-468E-84B7-62A2AD3ABF37}.Debug|Any CPU.Build.0 = Debug|Any CPU
		{AB47D9F3-EA3B-468E-84B7-62A2AD3ABF37}.Release|Any CPU.ActiveCfg = Release|Any CPU
		{AB47D9F3-EA3B-468E-84B7-62A2AD3ABF37}.Release|Any CPU.Build.0 = Release|Any CPU
	EndGlobalSection
	GlobalSection(SolutionProperties) = preSolution
		HideSolutionNode = FALSE
	EndGlobalSection
	GlobalSection(ExtensibilityGlobals) = postSolution
		SolutionGuid = {58440BE9-3F68-41BF-A34B-9E2EE731FBC6}
	EndGlobalSection
EndGlobal
